
Microsoft Visual Studio Solution File, Format Version 12.00
# Visual Studio Version 16
VisualStudioVersion = 16.0.34601.136
MinimumVisualStudioVersion = 10.0.40219.1
Project("{FAE04EC0-301F-11D3-BF4B-00C04F79EFBC}") = "PLVLap04.2", "PLVLap04.2\PLVLap04.2.csproj", "{C2288353-C723-4A0C-BA61-1D937E6DB152}"
EndProject
Global
	GlobalSection(SolutionConfigurationPlatforms) = preSolution
		Debug|Any CPU = Debug|Any CPU
		Release|Any CPU = Release|Any CPU
	EndGlobalSection
	GlobalSection(ProjectConfigurationPlatforms) = postSolution
		{C2288353-C723-4A0C-BA61-1D937E6DB152}.Debug|Any CPU.ActiveCfg = Debug|Any CPU
		{C2288353-C723-4A0C-BA61-1D937E6DB152}.Debug|Any CPU.Build.0 = Debug|Any CPU
		{C2288353-C723-4A0C-BA61-1D937E6DB152}.Release|Any CPU.ActiveCfg = Release|Any CPU
		{C2288353-C723-4A0C-BA61-1D937E6DB152}.Release|Any CPU.Build.0 = Release|Any CPU
	EndGlobalSection
	GlobalSection(SolutionProperties) = preSolution
		HideSolutionNode = FALSE
	EndGlobalSection
	GlobalSection(ExtensibilityGlobals) = postSolution
		SolutionGuid = {8A2F534E-680A-4186-A976-20218AD7D608}
	EndGlobalSection
EndGlobal
